
Microsoft Visual Studio Solution File, Format Version 12.00
# Visual Studio Version 17
VisualStudioVersion = 17.3.32922.545
MinimumVisualStudioVersion = 10.0.40219.1
Project("{FAE04EC0-301F-11D3-BF4B-00C04F79EFBC}") = "devopsDemo", "devopsDemo\devopsDemo.csproj", "{979BE062-0077-4A6C-B8B7-E66211FDC738}"
EndProject
Global
	GlobalSection(SolutionConfigurationPlatforms) = preSolution
		Debug|Any CPU = Debug|Any CPU
		Release|Any CPU = Release|Any CPU
	EndGlobalSection
	GlobalSection(ProjectConfigurationPlatforms) = postSolution
		{979BE062-0077-4A6C-B8B7-E66211FDC738}.Debug|Any CPU.ActiveCfg = Debug|Any CPU
		{979BE062-0077-4A6C-B8B7-E66211FDC738}.Debug|Any CPU.Build.0 = Debug|Any CPU
		{979BE062-0077-4A6C-B8B7-E66211FDC738}.Release|Any CPU.ActiveCfg = Release|Any CPU
		{979BE062-0077-4A6C-B8B7-E66211FDC738}.Release|Any CPU.Build.0 = Release|Any CPU
	EndGlobalSection
	GlobalSection(SolutionProperties) = preSolution
		HideSolutionNode = FALSE
	EndGlobalSection
	GlobalSection(ExtensibilityGlobals) = postSolution
		SolutionGuid = {998C8D2E-9B1E-4104-8A5B-19CD11CD3DCB}
	EndGlobalSection
EndGlobal
